{
    "_readme": [
        "This file locks the dependencies of your project to a known state",
        "Read more about it at https://getcomposer.org/doc/01-basic-usage.md#installing-dependencies",
        "This file is @generated automatically"
    ],
    "content-hash": "d751713988987e9331980363e24189ce",
    "packages": [
        {
            "name": "aws/aws-sdk-php",
            "version": "3.356.25",
            "source": {
                "type": "git",
                "url": "https://github.com/aws/aws-sdk-php.git",
                "reference": "placeholder"
            },
            "require": {
                "php": ">=7.2.5"
            },
            "type": "library",
            "description": "AWS SDK for PHP - Use Amazon Web Services in your PHP project"
        }
    ],
    "packages-dev": [],
    "aliases": [],
    "minimum-stability": "stable",
    "stability-flags": [],
    "prefer-stable": false,
    "prefer-lowest": false,
    "platform": {
        "php": "^8.1"
    },
    "platform-dev": [],
    "plugin-api-version": "2.3.0"
}
